// !$*UTF8*$!
{
	archiveVersion = 1;
	classes = {
	};
	objectVersion = 52;
	objects = {

/* Begin PBXBuildFile section */
		49A812D026994EE200F00044 /* AppDelegate.swift in Sources */ = {isa = PBXBuildFile; fileRef = 49A812CF26994EE200F00044 /* AppDelegate.swift */; };
		49A812D226994EE200F00044 /* SceneDelegate.swift in Sources */ = {isa = PBXBuildFile; fileRef = 49A812D126994EE200F00044 /* SceneDelegate.swift */; };
		49A812D426994EE200F00044 /* ViewController.swift in Sources */ = {isa = PBXBuildFile; fileRef = 49A812D326994EE200F00044 /* ViewController.swift */; };
		49A812D726994EE200F00044 /* Main.storyboard in Resources */ = {isa = PBXBuildFile; fileRef = 49A812D526994EE200F00044 /* Main.storyboard */; };
		49A812D926994EE500F00044 /* Assets.xcassets in Resources */ = {isa = PBXBuildFile; fileRef = 49A812D826994EE500F00044 /* Assets.xcassets */; };
		49A812DC26994EE500F00044 /* LaunchScreen.storyboard in Resources */ = {isa = PBXBuildFile; fileRef = 49A812DA26994EE500F00044 /* LaunchScreen.storyboard */; };
		49A812E426994F1100F00044 /* VisibilityTrackableCollectionView in Resources */ = {isa = PBXBuildFile; fileRef = 49A812E326994F1100F00044 /* VisibilityTrackableCollectionView */; };
		49A812E726994F8100F00044 /* VisibilityTrackableCollectionView in Frameworks */ = {isa = PBXBuildFile; productRef = 49A812E626994F8100F00044 /* VisibilityTrackableCollectionView */; };
		49A812F22699566D00F00044 /* SingleInnerCollectionViewCell.xib in Resources */ = {isa = PBXBuildFile; fileRef = 49A812EC2699566D00F00044 /* SingleInnerCollectionViewCell.xib */; };
		49A812F32699566D00F00044 /* TextCollectionViewCell.swift in Sources */ = {isa = PBXBuildFile; fileRef = 49A812ED2699566D00F00044 /* TextCollectionViewCell.swift */; };
		49A812F42699566D00F00044 /* SingleInnerCollectionViewCell.swift in Sources */ = {isa = PBXBuildFile; fileRef = 49A812EE2699566D00F00044 /* SingleInnerCollectionViewCell.swift */; };
		49A812F52699566D00F00044 /* DoubleDepthInnerCollectionViewCell.swift in Sources */ = {isa = PBXBuildFile; fileRef = 49A812EF2699566D00F00044 /* DoubleDepthInnerCollectionViewCell.swift */; };
		49A812F62699566D00F00044 /* DoubleDepthInnerCollectionViewCell.xib in Resources */ = {isa = PBXBuildFile; fileRef = 49A812F02699566D00F00044 /* DoubleDepthInnerCollectionViewCell.xib */; };
		49A812F72699566D00F00044 /* TextCollectionViewCell.xib in Resources */ = {isa = PBXBuildFile; fileRef = 49A812F12699566D00F00044 /* TextCollectionViewCell.xib */; };
/* End PBXBuildFile section */

/* Begin PBXFileReference section */
		49A812CC26994EE200F00044 /* VisibilityTrackableCollectionViewSample.app */ = {isa = PBXFileReference; explicitFileType = wrapper.application; includeInIndex = 0; path = VisibilityTrackableCollectionViewSample.app; sourceTree = BUILT_PRODUCTS_DIR; };
		49A812CF26994EE200F00044 /* AppDelegate.swift */ = {isa = PBXFileReference; lastKnownFileType = sourcecode.swift; path = AppDelegate.swift; sourceTree = "<group>"; };
		49A812D126994EE200F00044 /* SceneDelegate.swift */ = {isa = PBXFileReference; lastKnownFileType = sourcecode.swift; path = SceneDelegate.swift; sourceTree = "<group>"; };
		49A812D326994EE200F00044 /* ViewController.swift */ = {isa = PBXFileReference; lastKnownFileType = sourcecode.swift; path = ViewController.swift; sourceTree = "<group>"; };
		49A812D626994EE200F00044 /* Base */ = {isa = PBXFileReference; lastKnownFileType = file.storyboard; name = Base; path = Base.lproj/Main.storyboard; sourceTree = "<group>"; };
		49A812D826994EE500F00044 /* Assets.xcassets */ = {isa = PBXFileReference; lastKnownFileType = folder.assetcatalog; path = Assets.xcassets; sourceTree = "<group>"; };
		49A812DB26994EE500F00044 /* Base */ = {isa = PBXFileReference; lastKnownFileType = file.storyboard; name = Base; path = Base.lproj/LaunchScreen.storyboard; sourceTree = "<group>"; };
		49A812DD26994EE500F00044 /* Info.plist */ = {isa = PBXFileReference; lastKnownFileType = text.plist.xml; path = Info.plist; sourceTree = "<group>"; };
		49A812E326994F1100F00044 /* VisibilityTrackableCollectionView */ = {isa = PBXFileReference; lastKnownFileType = folder; name = VisibilityTrackableCollectionView; path = ../..; sourceTree = "<group>"; };
		49A812EC2699566D00F00044 /* SingleInnerCollectionViewCell.xib */ = {isa = PBXFileReference; fileEncoding = 4; lastKnownFileType = file.xib; path = SingleInnerCollectionViewCell.xib; sourceTree = "<group>"; };
		49A812ED2699566D00F00044 /* TextCollectionViewCell.swift */ = {isa = PBXFileReference; fileEncoding = 4; lastKnownFileType = sourcecode.swift; path = TextCollectionViewCell.swift; sourceTree = "<group>"; };
		49A812EE2699566D00F00044 /* SingleInnerCollectionViewCell.swift */ = {isa = PBXFileReference; fileEncoding = 4; lastKnownFileType = sourcecode.swift; path = SingleInnerCollectionViewCell.swift; sourceTree = "<group>"; };
		49A812EF2699566D00F00044 /* DoubleDepthInnerCollectionViewCell.swift */ = {isa = PBXFileReference; fileEncoding = 4; lastKnownFileType = sourcecode.swift; path = DoubleDepthInnerCollectionViewCell.swift; sourceTree = "<group>"; };
		49A812F02699566D00F00044 /* DoubleDepthInnerCollectionViewCell.xib */ = {isa = PBXFileReference; fileEncoding = 4; lastKnownFileType = file.xib; path = DoubleDepthInnerCollectionViewCell.xib; sourceTree = "<group>"; };
		49A812F12699566D00F00044 /* TextCollectionViewCell.xib */ = {isa = PBXFileReference; fileEncoding = 4; lastKnownFileType = file.xib; path = TextCollectionViewCell.xib; sourceTree = "<group>"; };
/* End PBXFileReference section */

/* Begin PBXFrameworksBuildPhase section */
		49A812C926994EE200F00044 /* Frameworks */ = {
			isa = PBXFrameworksBuildPhase;
			buildActionMask = 2147483647;
			files = (
				49A812E726994F8100F00044 /* VisibilityTrackableCollectionView in Frameworks */,
			);
			runOnlyForDeploymentPostprocessing = 0;
		};
/* End PBXFrameworksBuildPhase section */

/* Begin PBXGroup section */
		49A812C326994EE200F00044 = {
			isa = PBXGroup;
			children = (
				49A812E326994F1100F00044 /* VisibilityTrackableCollectionView */,
				49A812CE26994EE200F00044 /* VisibilityTrackableCollectionViewSample */,
				49A812CD26994EE200F00044 /* Products */,
				49A812E526994F8100F00044 /* Frameworks */,
			);
			sourceTree = "<group>";
		};
		49A812CD26994EE200F00044 /* Products */ = {
			isa = PBXGroup;
			children = (
				49A812CC26994EE200F00044 /* VisibilityTrackableCollectionViewSample.app */,
			);
			name = Products;
			sourceTree = "<group>";
		};
		49A812CE26994EE200F00044 /* VisibilityTrackableCollectionViewSample */ = {
			isa = PBXGroup;
			children = (
				49A812EB2699566D00F00044 /* Cell */,
				49A812CF26994EE200F00044 /* AppDelegate.swift */,
				49A812D126994EE200F00044 /* SceneDelegate.swift */,
				49A812D326994EE200F00044 /* ViewController.swift */,
				49A812D526994EE200F00044 /* Main.storyboard */,
				49A812D826994EE500F00044 /* Assets.xcassets */,
				49A812DA26994EE500F00044 /* LaunchScreen.storyboard */,
				49A812DD26994EE500F00044 /* Info.plist */,
			);
			path = VisibilityTrackableCollectionViewSample;
			sourceTree = "<group>";
		};
		49A812E526994F8100F00044 /* Frameworks */ = {
			isa = PBXGroup;
			children = (
			);
			name = Frameworks;
			sourceTree = "<group>";
		};
		49A812EB2699566D00F00044 /* Cell */ = {
			isa = PBXGroup;
			children = (
				49A812EE2699566D00F00044 /* SingleInnerCollectionViewCell.swift */,
				49A812EC2699566D00F00044 /* SingleInnerCollectionViewCell.xib */,
				49A812ED2699566D00F00044 /* TextCollectionViewCell.swift */,
				49A812F12699566D00F00044 /* TextCollectionViewCell.xib */,
				49A812EF2699566D00F00044 /* DoubleDepthInnerCollectionViewCell.swift */,
				49A812F02699566D00F00044 /* DoubleDepthInnerCollectionViewCell.xib */,
			);
			path = Cell;
			sourceTree = "<group>";
		};
/* End PBXGroup section */

/* Begin PBXNativeTarget section */
		49A812CB26994EE200F00044 /* VisibilityTrackableCollectionViewSample */ = {
			isa = PBXNativeTarget;
			buildConfigurationList = 49A812E026994EE500F00044 /* Build configuration list for PBXNativeTarget "VisibilityTrackableCollectionViewSample" */;
			buildPhases = (
				49A812C826994EE200F00044 /* Sources */,
				49A812C926994EE200F00044 /* Frameworks */,
				49A812CA26994EE200F00044 /* Resources */,
			);
			buildRules = (
			);
			dependencies = (
			);
			name = VisibilityTrackableCollectionViewSample;
			packageProductDependencies = (
				49A812E626994F8100F00044 /* VisibilityTrackableCollectionView */,
			);
			productName = VisibilityTrackableCollectionViewSample;
			productReference = 49A812CC26994EE200F00044 /* VisibilityTrackableCollectionViewSample.app */;
			productType = "com.apple.product-type.application";
		};
/* End PBXNativeTarget section */

/* Begin PBXProject section */
		49A812C426994EE200F00044 /* Project object */ = {
			isa = PBXProject;
			attributes = {
				LastSwiftUpdateCheck = 1250;
				LastUpgradeCheck = 1250;
				TargetAttributes = {
					49A812CB26994EE200F00044 = {
						CreatedOnToolsVersion = 12.5;
					};
				};
			};
			buildConfigurationList = 49A812C726994EE200F00044 /* Build configuration list for PBXProject "VisibilityTrackableCollectionViewSample" */;
			compatibilityVersion = "Xcode 9.3";
			developmentRegion = en;
			hasScannedForEncodings = 0;
			knownRegions = (
				en,
				Base,
			);
			mainGroup = 49A812C326994EE200F00044;
			productRefGroup = 49A812CD26994EE200F00044 /* Products */;
			projectDirPath = "";
			projectRoot = "";
			targets = (
				49A812CB26994EE200F00044 /* VisibilityTrackableCollectionViewSample */,
			);
		};
/* End PBXProject section */

/* Begin PBXResourcesBuildPhase section */
		49A812CA26994EE200F00044 /* Resources */ = {
			isa = PBXResourcesBuildPhase;
			buildActionMask = 2147483647;
			files = (
				49A812F62699566D00F00044 /* DoubleDepthInnerCollectionViewCell.xib in Resources */,
				49A812DC26994EE500F00044 /* LaunchScreen.storyboard in Resources */,
				49A812F72699566D00F00044 /* TextCollectionViewCell.xib in Resources */,
				49A812D926994EE500F00044 /* Assets.xcassets in Resources */,
				49A812F22699566D00F00044 /* SingleInnerCollectionViewCell.xib in Resources */,
				49A812D726994EE200F00044 /* Main.storyboard in Resources */,
				49A812E426994F1100F00044 /* VisibilityTrackableCollectionView in Resources */,
			);
			runOnlyForDeploymentPostprocessing = 0;
		};
/* End PBXResourcesBuildPhase section */

/* Begin PBXSourcesBuildPhase section */
		49A812C826994EE200F00044 /* Sources */ = {
			isa = PBXSourcesBuildPhase;
			buildActionMask = 2147483647;
			files = (
				49A812F52699566D00F00044 /* DoubleDepthInnerCollectionViewCell.swift in Sources */,
				49A812D426994EE200F00044 /* ViewController.swift in Sources */,
				49A812F42699566D00F00044 /* SingleInnerCollectionViewCell.swift in Sources */,
				49A812D026994EE200F00044 /* AppDelegate.swift in Sources */,
				49A812D226994EE200F00044 /* SceneDelegate.swift in Sources */,
				49A812F32699566D00F00044 /* TextCollectionViewCell.swift in Sources */,
			);
			runOnlyForDeploymentPostprocessing = 0;
		};
/* End PBXSourcesBuildPhase section */

/* Begin PBXVariantGroup section */
		49A812D526994EE200F00044 /* Main.storyboard */ = {
			isa = PBXVariantGroup;
			children = (
				49A812D626994EE200F00044 /* Base */,
			);
			name = Main.storyboard;
			sourceTree = "<group>";
		};
		49A812DA26994EE500F00044 /* LaunchScreen.storyboard */ = {
			isa = PBXVariantGroup;
			children = (
				49A812DB26994EE500F00044 /* Base */,
			);
			name = LaunchScreen.storyboard;
			sourceTree = "<group>";
		};
/* End PBXVariantGroup section */

/* Begin XCBuildConfiguration section */
		49A812DE26994EE500F00044 /* Debug */ = {
			isa = XCBuildConfiguration;
			buildSettings = {
				ALWAYS_SEARCH_USER_PATHS = NO;
				CLANG_ANALYZER_NONNULL = YES;
				CLANG_ANALYZER_NUMBER_OBJECT_CONVERSION = YES_AGGRESSIVE;
				CLANG_CXX_LANGUAGE_STANDARD = "gnu++14";
				CLANG_CXX_LIBRARY = "libc++";
				CLANG_ENABLE_MODULES = YES;
				CLANG_ENABLE_OBJC_ARC = YES;
				CLANG_ENABLE_OBJC_WEAK = YES;
				CLANG_WARN_BLOCK_CAPTURE_AUTORELEASING = YES;
				CLANG_WARN_BOOL_CONVERSION = YES;
				CLANG_WARN_COMMA = YES;
				CLANG_WARN_CONSTANT_CONVERSION = YES;
				CLANG_WARN_DEPRECATED_OBJC_IMPLEMENTATIONS = YES;
				CLANG_WARN_DIRECT_OBJC_ISA_USAGE = YES_ERROR;
				CLANG_WARN_DOCUMENTATION_COMMENTS = YES;
				CLANG_WARN_EMPTY_BODY = YES;
				CLANG_WARN_ENUM_CONVERSION = YES;
				CLANG_WARN_INFINITE_RECURSION = YES;
				CLANG_WARN_INT_CONVERSION = YES;
				CLANG_WARN_NON_LITERAL_NULL_CONVERSION = YES;
				CLANG_WARN_OBJC_IMPLICIT_RETAIN_SELF = YES;
				CLANG_WARN_OBJC_LITERAL_CONVERSION = YES;
				CLANG_WARN_OBJC_ROOT_CLASS = YES_ERROR;
				CLANG_WARN_QUOTED_INCLUDE_IN_FRAMEWORK_HEADER = YES;
				CLANG_WARN_RANGE_LOOP_ANALYSIS = YES;
				CLANG_WARN_STRICT_PROTOTYPES = YES;
				CLANG_WARN_SUSPICIOUS_MOVE = YES;
				CLANG_WARN_UNGUARDED_AVAILABILITY = YES_AGGRESSIVE;
				CLANG_WARN_UNREACHABLE_CODE = YES;
				CLANG_WARN__DUPLICATE_METHOD_MATCH = YES;
				COPY_PHASE_STRIP = NO;
				DEBUG_INFORMATION_FORMAT = dwarf;
				ENABLE_STRICT_OBJC_MSGSEND = YES;
				ENABLE_TESTABILITY = YES;
				GCC_C_LANGUAGE_STANDARD = gnu11;
				GCC_DYNAMIC_NO_PIC = NO;
				GCC_NO_COMMON_BLOCKS = YES;
				GCC_OPTIMIZATION_LEVEL = 0;
				GCC_PREPROCESSOR_DEFINITIONS = (
					"DEBUG=1",
					"$(inherited)",
				);
				GCC_WARN_64_TO_32_BIT_CONVERSION = YES;
				GCC_WARN_ABOUT_RETURN_TYPE = YES_ERROR;
				GCC_WARN_UNDECLARED_SELECTOR = YES;
				GCC_WARN_UNINITIALIZED_AUTOS = YES_AGGRESSIVE;
				GCC_WARN_UNUSED_FUNCTION = YES;
				GCC_WARN_UNUSED_VARIABLE = YES;
				IPHONEOS_DEPLOYMENT_TARGET = 14.5;
				MTL_ENABLE_DEBUG_INFO = INCLUDE_SOURCE;
				MTL_FAST_MATH = YES;
				ONLY_ACTIVE_ARCH = YES;
				SDKROOT = iphoneos;
				SWIFT_ACTIVE_COMPILATION_CONDITIONS = DEBUG;
				SWIFT_OPTIMIZATION_LEVEL = "-Onone";
			};
			name = Debug;
		};
		49A812DF26994EE500F00044 /* Release */ = {
			isa = XCBuildConfiguration;
			buildSettings = {
				ALWAYS_SEARCH_USER_PATHS = NO;
				CLANG_ANALYZER_NONNULL = YES;
				CLANG_ANALYZER_NUMBER_OBJECT_CONVERSION = YES_AGGRESSIVE;
				CLANG_CXX_LANGUAGE_STANDARD = "gnu++14";
				CLANG_CXX_LIBRARY = "libc++";
				CLANG_ENABLE_MODULES = YES;
				CLANG_ENABLE_OBJC_ARC = YES;
				CLANG_ENABLE_OBJC_WEAK = YES;
				CLANG_WARN_BLOCK_CAPTURE_AUTORELEASING = YES;
				CLANG_WARN_BOOL_CONVERSION = YES;
				CLANG_WARN_COMMA = YES;
				CLANG_WARN_CONSTANT_CONVERSION = YES;
				CLANG_WARN_DEPRECATED_OBJC_IMPLEMENTATIONS = YES;
				CLANG_WARN_DIRECT_OBJC_ISA_USAGE = YES_ERROR;
				CLANG_WARN_DOCUMENTATION_COMMENTS = YES;
				CLANG_WARN_EMPTY_BODY = YES;
				CLANG_WARN_ENUM_CONVERSION = YES;
				CLANG_WARN_INFINITE_RECURSION = YES;
				CLANG_WARN_INT_CONVERSION = YES;
				CLANG_WARN_NON_LITERAL_NULL_CONVERSION = YES;
				CLANG_WARN_OBJC_IMPLICIT_RETAIN_SELF = YES;
				CLANG_WARN_OBJC_LITERAL_CONVERSION = YES;
				CLANG_WARN_OBJC_ROOT_CLASS = YES_ERROR;
				CLANG_WARN_QUOTED_INCLUDE_IN_FRAMEWORK_HEADER = YES;
				CLANG_WARN_RANGE_LOOP_ANALYSIS = YES;
				CLANG_WARN_STRICT_PROTOTYPES = YES;
				CLANG_WARN_SUSPICIOUS_MOVE = YES;
				CLANG_WARN_UNGUARDED_AVAILABILITY = YES_AGGRESSIVE;
				CLANG_WARN_UNREACHABLE_CODE = YES;
				CLANG_WARN__DUPLICATE_METHOD_MATCH = YES;
				COPY_PHASE_STRIP = NO;
				DEBUG_INFORMATION_FORMAT = "dwarf-with-dsym";
				ENABLE_NS_ASSERTIONS = NO;
				ENABLE_STRICT_OBJC_MSGSEND = YES;
				GCC_C_LANGUAGE_STANDARD = gnu11;
				GCC_NO_COMMON_BLOCKS = YES;
				GCC_WARN_64_TO_32_BIT_CONVERSION = YES;
				GCC_WARN_ABOUT_RETURN_TYPE = YES_ERROR;
				GCC_WARN_UNDECLARED_SELECTOR = YES;
				GCC_WARN_UNINITIALIZED_AUTOS = YES_AGGRESSIVE;
				GCC_WARN_UNUSED_FUNCTION = YES;
				GCC_WARN_UNUSED_VARIABLE = YES;
				IPHONEOS_DEPLOYMENT_TARGET = 14.5;
				MTL_ENABLE_DEBUG_INFO = NO;
				MTL_FAST_MATH = YES;
				SDKROOT = iphoneos;
				SWIFT_COMPILATION_MODE = wholemodule;
				SWIFT_OPTIMIZATION_LEVEL = "-O";
				VALIDATE_PRODUCT = YES;
			};
			name = Release;
		};
		49A812E126994EE500F00044 /* Debug */ = {
			isa = XCBuildConfiguration;
			buildSettings = {
				ASSETCATALOG_COMPILER_APPICON_NAME = AppIcon;
				ASSETCATALOG_COMPILER_GLOBAL_ACCENT_COLOR_NAME = AccentColor;
				CODE_SIGN_STYLE = Automatic;
				DEVELOPMENT_TEAM = QD23E3Q368;
				INFOPLIST_FILE = VisibilityTrackableCollectionViewSample/Info.plist;
				LD_RUNPATH_SEARCH_PATHS = (
					"$(inherited)",
					"@executable_path/Frameworks",
				);
				PRODUCT_BUNDLE_IDENTIFIER = com.nTom.VisibilityTrackableCollectionViewSample;
				PRODUCT_NAME = "$(TARGET_NAME)";
				SWIFT_VERSION = 5.0;
				TARGETED_DEVICE_FAMILY = "1,2";
			};
			name = Debug;
		};
		49A812E226994EE500F00044 /* Release */ = {
			isa = XCBuildConfiguration;
			buildSettings = {
				ASSETCATALOG_COMPILER_APPICON_NAME = AppIcon;
				ASSETCATALOG_COMPILER_GLOBAL_ACCENT_COLOR_NAME = AccentColor;
				CODE_SIGN_STYLE = Automatic;
				DEVELOPMENT_TEAM = QD23E3Q368;
				INFOPLIST_FILE = VisibilityTrackableCollectionViewSample/Info.plist;
				LD_RUNPATH_SEARCH_PATHS = (
					"$(inherited)",
					"@executable_path/Frameworks",
				);
				PRODUCT_BUNDLE_IDENTIFIER = com.nTom.VisibilityTrackableCollectionViewSample;
				PRODUCT_NAME = "$(TARGET_NAME)";
				SWIFT_VERSION = 5.0;
				TARGETED_DEVICE_FAMILY = "1,2";
			};
			name = Release;
		};
/* End XCBuildConfiguration section */

/* Begin XCConfigurationList section */
		49A812C726994EE200F00044 /* Build configuration list for PBXProject "VisibilityTrackableCollectionViewSample" */ = {
			isa = XCConfigurationList;
			buildConfigurations = (
				49A812DE26994EE500F00044 /* Debug */,
				49A812DF26994EE500F00044 /* Release */,
			);
			defaultConfigurationIsVisible = 0;
			defaultConfigurationName = Release;
		};
		49A812E026994EE500F00044 /* Build configuration list for PBXNativeTarget "VisibilityTrackableCollectionViewSample" */ = {
			isa = XCConfigurationList;
			buildConfigurations = (
				49A812E126994EE500F00044 /* Debug */,
				49A812E226994EE500F00044 /* Release */,
			);
			defaultConfigurationIsVisible = 0;
			defaultConfigurationName = Release;
		};
/* End XCConfigurationList section */

/* Begin XCSwiftPackageProductDependency section */
		49A812E626994F8100F00044 /* VisibilityTrackableCollectionView */ = {
			isa = XCSwiftPackageProductDependency;
			productName = VisibilityTrackableCollectionView;
		};
/* End XCSwiftPackageProductDependency section */
	};
	rootObject = 49A812C426994EE200F00044 /* Project object */;
}
